
Microsoft Visual Studio Solution File, Format Version 12.00
# Visual Studio Version 16
VisualStudioVersion = 16.0.29728.190
MinimumVisualStudioVersion = 10.0.40219.1
Project("{8BC9CEB8-8B4A-11D0-8D11-00A0C91BC942}") = "20200220", "20200220\20200220.vcxproj", "{8C6B0908-C283-4361-86B3-3571B219EF81}"
EndProject
Global
	GlobalSection(SolutionConfigurationPlatforms) = preSolution
		Debug|x64 = Debug|x64
		Debug|x86 = Debug|x86
		Release|x64 = Release|x64
		Release|x86 = Release|x86
	EndGlobalSection
	GlobalSection(ProjectConfigurationPlatforms) = postSolution
		{8C6B0908-C283-4361-86B3-3571B219EF81}.Debug|x64.ActiveCfg = Debug|x64
		{8C6B0908-C283-4361-86B3-3571B219EF81}.Debug|x64.Build.0 = Debug|x64
		{8C6B0908-C283-4361-86B3-3571B219EF81}.Debug|x86.ActiveCfg = Debug|Win32
		{8C6B0908-C283-4361-86B3-3571B219EF81}.Debug|x86.Build.0 = Debug|Win32
		{8C6B0908-C283-4361-86B3-3571B219EF81}.Release|x64.ActiveCfg = Release|x64
		{8C6B0908-C283-4361-86B3-3571B219EF81}.Release|x64.Build.0 = Release|x64
		{8C6B0908-C283-4361-86B3-3571B219EF81}.Release|x86.ActiveCfg = Release|Win32
		{8C6B0908-C283-4361-86B3-3571B219EF81}.Release|x86.Build.0 = Release|Win32
	EndGlobalSection
	GlobalSection(SolutionProperties) = preSolution
		HideSolutionNode = FALSE
	EndGlobalSection
	GlobalSection(ExtensibilityGlobals) = postSolution
		SolutionGuid = {D408C701-AAAE-44C9-B61D-7B6843CF8522}
	EndGlobalSection
EndGlobal
