
Microsoft Visual Studio Solution File, Format Version 12.00
# Visual Studio Version 16
VisualStudioVersion = 16.0.30128.74
MinimumVisualStudioVersion = 10.0.40219.1
Project("{8BC9CEB8-8B4A-11D0-8D11-00A0C91BC942}") = "Project1", "Project1\Project1.vcxproj", "{C31C9156-34A4-4379-A0E3-86A08C978BBE}"
EndProject
Global
	GlobalSection(SolutionConfigurationPlatforms) = preSolution
		Debug|x64 = Debug|x64
		Debug|x86 = Debug|x86
		Release|x64 = Release|x64
		Release|x86 = Release|x86
	EndGlobalSection
	GlobalSection(ProjectConfigurationPlatforms) = postSolution
		{C31C9156-34A4-4379-A0E3-86A08C978BBE}.Debug|x64.ActiveCfg = Debug|x64
		{C31C9156-34A4-4379-A0E3-86A08C978BBE}.Debug|x64.Build.0 = Debug|x64
		{C31C9156-34A4-4379-A0E3-86A08C978BBE}.Debug|x86.ActiveCfg = Debug|Win32
		{C31C9156-34A4-4379-A0E3-86A08C978BBE}.Debug|x86.Build.0 = Debug|Win32
		{C31C9156-34A4-4379-A0E3-86A08C978BBE}.Release|x64.ActiveCfg = Release|x64
		{C31C9156-34A4-4379-A0E3-86A08C978BBE}.Release|x64.Build.0 = Release|x64
		{C31C9156-34A4-4379-A0E3-86A08C978BBE}.Release|x86.ActiveCfg = Release|Win32
		{C31C9156-34A4-4379-A0E3-86A08C978BBE}.Release|x86.Build.0 = Release|Win32
	EndGlobalSection
	GlobalSection(SolutionProperties) = preSolution
		HideSolutionNode = FALSE
	EndGlobalSection
	GlobalSection(ExtensibilityGlobals) = postSolution
		SolutionGuid = {9CA56E99-BA87-474A-A67E-C44E85C0A4DC}
	EndGlobalSection
EndGlobal
