
Microsoft Visual Studio Solution File, Format Version 12.00
# Visual Studio Version 16
VisualStudioVersion = 16.0.30128.74
MinimumVisualStudioVersion = 10.0.40219.1
Project("{8BC9CEB8-8B4A-11D0-8D11-00A0C91BC942}") = "Project1", "Project1\Project1.vcxproj", "{23C2EDA3-A4A6-435F-B58A-991E026E0ADD}"
EndProject
Global
	GlobalSection(SolutionConfigurationPlatforms) = preSolution
		Debug|x64 = Debug|x64
		Debug|x86 = Debug|x86
		Release|x64 = Release|x64
		Release|x86 = Release|x86
	EndGlobalSection
	GlobalSection(ProjectConfigurationPlatforms) = postSolution
		{23C2EDA3-A4A6-435F-B58A-991E026E0ADD}.Debug|x64.ActiveCfg = Debug|x64
		{23C2EDA3-A4A6-435F-B58A-991E026E0ADD}.Debug|x64.Build.0 = Debug|x64
		{23C2EDA3-A4A6-435F-B58A-991E026E0ADD}.Debug|x86.ActiveCfg = Debug|Win32
		{23C2EDA3-A4A6-435F-B58A-991E026E0ADD}.Debug|x86.Build.0 = Debug|Win32
		{23C2EDA3-A4A6-435F-B58A-991E026E0ADD}.Release|x64.ActiveCfg = Release|x64
		{23C2EDA3-A4A6-435F-B58A-991E026E0ADD}.Release|x64.Build.0 = Release|x64
		{23C2EDA3-A4A6-435F-B58A-991E026E0ADD}.Release|x86.ActiveCfg = Release|Win32
		{23C2EDA3-A4A6-435F-B58A-991E026E0ADD}.Release|x86.Build.0 = Release|Win32
	EndGlobalSection
	GlobalSection(SolutionProperties) = preSolution
		HideSolutionNode = FALSE
	EndGlobalSection
	GlobalSection(ExtensibilityGlobals) = postSolution
		SolutionGuid = {B8083680-46EC-423A-A4AD-371B47A40C89}
	EndGlobalSection
EndGlobal
